// !$*UTF8*$!
{
	archiveVersion = 1;
	classes = {
	};
	objectVersion = 46;
	objects = {

/* Begin PBXBuildFile section */
		0D3EE8CC8FC3D0F4B8CC827D /* Pods_BoomerangDemoTests.framework in Frameworks */ = {isa = PBXBuildFile; fileRef = 77E4AE1B0C5D551986863FFE /* Pods_BoomerangDemoTests.framework */; };
		7B7508531DD61E9E006C82A0 /* AppDelegate.swift in Sources */ = {isa = PBXBuildFile; fileRef = 7B7508521DD61E9E006C82A0 /* AppDelegate.swift */; };
		7B7508551DD61E9E006C82A0 /* ShowListViewController.swift in Sources */ = {isa = PBXBuildFile; fileRef = 7B7508541DD61E9E006C82A0 /* ShowListViewController.swift */; };
		7B7508581DD61E9E006C82A0 /* Main.storyboard in Resources */ = {isa = PBXBuildFile; fileRef = 7B7508561DD61E9E006C82A0 /* Main.storyboard */; };
		7B75085A1DD61E9E006C82A0 /* Assets.xcassets in Resources */ = {isa = PBXBuildFile; fileRef = 7B7508591DD61E9E006C82A0 /* Assets.xcassets */; };
		7B75085D1DD61E9E006C82A0 /* LaunchScreen.storyboard in Resources */ = {isa = PBXBuildFile; fileRef = 7B75085B1DD61E9E006C82A0 /* LaunchScreen.storyboard */; };
		7B7508681DD61E9F006C82A0 /* ShowTests.swift in Sources */ = {isa = PBXBuildFile; fileRef = 7B7508671DD61E9F006C82A0 /* ShowTests.swift */; };
		7B7508731DD6248E006C82A0 /* Router.swift in Sources */ = {isa = PBXBuildFile; fileRef = 7B7508721DD6248E006C82A0 /* Router.swift */; };
		7B7508751DD62763006C82A0 /* TVMaze.swift in Sources */ = {isa = PBXBuildFile; fileRef = 7B7508741DD62763006C82A0 /* TVMaze.swift */; };
		7B75087A1DD62BF3006C82A0 /* SignalProducer+Gloss.swift in Sources */ = {isa = PBXBuildFile; fileRef = 7B7508781DD62BF3006C82A0 /* SignalProducer+Gloss.swift */; };
		7B75087B1DD62BF3006C82A0 /* Response+Gloss.swift in Sources */ = {isa = PBXBuildFile; fileRef = 7B7508791DD62BF3006C82A0 /* Response+Gloss.swift */; };
		7B75087D1DD62C12006C82A0 /* Show.swift in Sources */ = {isa = PBXBuildFile; fileRef = 7B75087C1DD62C12006C82A0 /* Show.swift */; };
		7BB5FD8B1DD6809100277174 /* Show.json in Resources */ = {isa = PBXBuildFile; fileRef = 7BB5FD8A1DD6809100277174 /* Show.json */; };
		7BB5FD8C1DD6813800277174 /* Show.json in Resources */ = {isa = PBXBuildFile; fileRef = 7BB5FD8A1DD6809100277174 /* Show.json */; };
		7BB5FD911DD6855C00277174 /* ViewModelFactory.swift in Sources */ = {isa = PBXBuildFile; fileRef = 7BB5FD901DD6855C00277174 /* ViewModelFactory.swift */; };
		7BB5FD931DD6894100277174 /* ShowListViewModel.swift in Sources */ = {isa = PBXBuildFile; fileRef = 7BB5FD921DD6894000277174 /* ShowListViewModel.swift */; };
		7BB5FD961DD68D5E00277174 /* ShowItemCollectionViewCell.swift in Sources */ = {isa = PBXBuildFile; fileRef = 7BB5FD941DD68D5E00277174 /* ShowItemCollectionViewCell.swift */; };
		7BB5FD971DD68D5E00277174 /* ShowItemCollectionViewCell.xib in Resources */ = {isa = PBXBuildFile; fileRef = 7BB5FD951DD68D5E00277174 /* ShowItemCollectionViewCell.xib */; };
		B4144520DF3D06D8DD2778A3 /* Pods_BoomerangDemo.framework in Frameworks */ = {isa = PBXBuildFile; fileRef = 0FFC214EBAA7BB4311B993D2 /* Pods_BoomerangDemo.framework */; };
/* End PBXBuildFile section */

/* Begin PBXContainerItemProxy section */
		7B7508641DD61E9F006C82A0 /* PBXContainerItemProxy */ = {
			isa = PBXContainerItemProxy;
			containerPortal = 7B7508471DD61E9E006C82A0 /* Project object */;
			proxyType = 1;
			remoteGlobalIDString = 7B75084E1DD61E9E006C82A0;
			remoteInfo = BoomerangDemo;
		};
/* End PBXContainerItemProxy section */

/* Begin PBXFileReference section */
		02E23C62FD000BFB709D2E66 /* Pods-BoomerangDemo.release.xcconfig */ = {isa = PBXFileReference; includeInIndex = 1; lastKnownFileType = text.xcconfig; name = "Pods-BoomerangDemo.release.xcconfig"; path = "Pods/Target Support Files/Pods-BoomerangDemo/Pods-BoomerangDemo.release.xcconfig"; sourceTree = "<group>"; };
		07EC94E5E084A01C42D614F5 /* Pods-BoomerangDemo.debug.xcconfig */ = {isa = PBXFileReference; includeInIndex = 1; lastKnownFileType = text.xcconfig; name = "Pods-BoomerangDemo.debug.xcconfig"; path = "Pods/Target Support Files/Pods-BoomerangDemo/Pods-BoomerangDemo.debug.xcconfig"; sourceTree = "<group>"; };
		0FFC214EBAA7BB4311B993D2 /* Pods_BoomerangDemo.framework */ = {isa = PBXFileReference; explicitFileType = wrapper.framework; includeInIndex = 0; path = Pods_BoomerangDemo.framework; sourceTree = BUILT_PRODUCTS_DIR; };
		77E4AE1B0C5D551986863FFE /* Pods_BoomerangDemoTests.framework */ = {isa = PBXFileReference; explicitFileType = wrapper.framework; includeInIndex = 0; path = Pods_BoomerangDemoTests.framework; sourceTree = BUILT_PRODUCTS_DIR; };
		7B75084F1DD61E9E006C82A0 /* BoomerangDemo.app */ = {isa = PBXFileReference; explicitFileType = wrapper.application; includeInIndex = 0; path = BoomerangDemo.app; sourceTree = BUILT_PRODUCTS_DIR; };
		7B7508521DD61E9E006C82A0 /* AppDelegate.swift */ = {isa = PBXFileReference; lastKnownFileType = sourcecode.swift; path = AppDelegate.swift; sourceTree = "<group>"; };
		7B7508541DD61E9E006C82A0 /* ShowListViewController.swift */ = {isa = PBXFileReference; lastKnownFileType = sourcecode.swift; path = ShowListViewController.swift; sourceTree = "<group>"; };
		7B7508571DD61E9E006C82A0 /* Base */ = {isa = PBXFileReference; lastKnownFileType = file.storyboard; name = Base; path = Base.lproj/Main.storyboard; sourceTree = "<group>"; };
		7B7508591DD61E9E006C82A0 /* Assets.xcassets */ = {isa = PBXFileReference; lastKnownFileType = folder.assetcatalog; path = Assets.xcassets; sourceTree = "<group>"; };
		7B75085C1DD61E9E006C82A0 /* Base */ = {isa = PBXFileReference; lastKnownFileType = file.storyboard; name = Base; path = Base.lproj/LaunchScreen.storyboard; sourceTree = "<group>"; };
		7B75085E1DD61E9E006C82A0 /* Info.plist */ = {isa = PBXFileReference; lastKnownFileType = text.plist.xml; path = Info.plist; sourceTree = "<group>"; };
		7B7508631DD61E9F006C82A0 /* BoomerangDemoTests.xctest */ = {isa = PBXFileReference; explicitFileType = wrapper.cfbundle; includeInIndex = 0; path = BoomerangDemoTests.xctest; sourceTree = BUILT_PRODUCTS_DIR; };
		7B7508671DD61E9F006C82A0 /* ShowTests.swift */ = {isa = PBXFileReference; lastKnownFileType = sourcecode.swift; path = ShowTests.swift; sourceTree = "<group>"; };
		7B7508691DD61E9F006C82A0 /* Info.plist */ = {isa = PBXFileReference; lastKnownFileType = text.plist.xml; path = Info.plist; sourceTree = "<group>"; };
		7B7508721DD6248E006C82A0 /* Router.swift */ = {isa = PBXFileReference; fileEncoding = 4; lastKnownFileType = sourcecode.swift; path = Router.swift; sourceTree = "<group>"; };
		7B7508741DD62763006C82A0 /* TVMaze.swift */ = {isa = PBXFileReference; fileEncoding = 4; lastKnownFileType = sourcecode.swift; path = TVMaze.swift; sourceTree = "<group>"; };
		7B7508781DD62BF3006C82A0 /* SignalProducer+Gloss.swift */ = {isa = PBXFileReference; fileEncoding = 4; lastKnownFileType = sourcecode.swift; path = "SignalProducer+Gloss.swift"; sourceTree = "<group>"; };
		7B7508791DD62BF3006C82A0 /* Response+Gloss.swift */ = {isa = PBXFileReference; fileEncoding = 4; lastKnownFileType = sourcecode.swift; path = "Response+Gloss.swift"; sourceTree = "<group>"; };
		7B75087C1DD62C12006C82A0 /* Show.swift */ = {isa = PBXFileReference; fileEncoding = 4; lastKnownFileType = sourcecode.swift; path = Show.swift; sourceTree = "<group>"; };
		7BB5FD8A1DD6809100277174 /* Show.json */ = {isa = PBXFileReference; fileEncoding = 4; lastKnownFileType = text.json; path = Show.json; sourceTree = "<group>"; };
		7BB5FD901DD6855C00277174 /* ViewModelFactory.swift */ = {isa = PBXFileReference; fileEncoding = 4; lastKnownFileType = sourcecode.swift; path = ViewModelFactory.swift; sourceTree = "<group>"; };
		7BB5FD921DD6894000277174 /* ShowListViewModel.swift */ = {isa = PBXFileReference; fileEncoding = 4; lastKnownFileType = sourcecode.swift; path = ShowListViewModel.swift; sourceTree = "<group>"; };
		7BB5FD941DD68D5E00277174 /* ShowItemCollectionViewCell.swift */ = {isa = PBXFileReference; fileEncoding = 4; lastKnownFileType = sourcecode.swift; path = ShowItemCollectionViewCell.swift; sourceTree = "<group>"; };
		7BB5FD951DD68D5E00277174 /* ShowItemCollectionViewCell.xib */ = {isa = PBXFileReference; fileEncoding = 4; lastKnownFileType = file.xib; path = ShowItemCollectionViewCell.xib; sourceTree = "<group>"; };
		BC0460F2F33F3BF020F6D807 /* Pods-BoomerangDemoTests.debug.xcconfig */ = {isa = PBXFileReference; includeInIndex = 1; lastKnownFileType = text.xcconfig; name = "Pods-BoomerangDemoTests.debug.xcconfig"; path = "Pods/Target Support Files/Pods-BoomerangDemoTests/Pods-BoomerangDemoTests.debug.xcconfig"; sourceTree = "<group>"; };
		F5469486FBF7BD86270F8C67 /* Pods-BoomerangDemoTests.release.xcconfig */ = {isa = PBXFileReference; includeInIndex = 1; lastKnownFileType = text.xcconfig; name = "Pods-BoomerangDemoTests.release.xcconfig"; path = "Pods/Target Support Files/Pods-BoomerangDemoTests/Pods-BoomerangDemoTests.release.xcconfig"; sourceTree = "<group>"; };
/* End PBXFileReference section */

/* Begin PBXFrameworksBuildPhase section */
		7B75084C1DD61E9E006C82A0 /* Frameworks */ = {
			isa = PBXFrameworksBuildPhase;
			buildActionMask = 2147483647;
			files = (
				B4144520DF3D06D8DD2778A3 /* Pods_BoomerangDemo.framework in Frameworks */,
			);
			runOnlyForDeploymentPostprocessing = 0;
		};
		7B7508601DD61E9E006C82A0 /* Frameworks */ = {
			isa = PBXFrameworksBuildPhase;
			buildActionMask = 2147483647;
			files = (
				0D3EE8CC8FC3D0F4B8CC827D /* Pods_BoomerangDemoTests.framework in Frameworks */,
			);
			runOnlyForDeploymentPostprocessing = 0;
		};
/* End PBXFrameworksBuildPhase section */

/* Begin PBXGroup section */
		3295F7A2DA811AA4511E3480 /* Frameworks */ = {
			isa = PBXGroup;
			children = (
				0FFC214EBAA7BB4311B993D2 /* Pods_BoomerangDemo.framework */,
				77E4AE1B0C5D551986863FFE /* Pods_BoomerangDemoTests.framework */,
			);
			name = Frameworks;
			sourceTree = "<group>";
		};
		7B7508461DD61E9E006C82A0 = {
			isa = PBXGroup;
			children = (
				7B7508511DD61E9E006C82A0 /* BoomerangDemo */,
				7B7508661DD61E9F006C82A0 /* BoomerangDemoTests */,
				7B7508501DD61E9E006C82A0 /* Products */,
				EFEF95513E2A5D32254C48BB /* Pods */,
				3295F7A2DA811AA4511E3480 /* Frameworks */,
			);
			sourceTree = "<group>";
		};
		7B7508501DD61E9E006C82A0 /* Products */ = {
			isa = PBXGroup;
			children = (
				7B75084F1DD61E9E006C82A0 /* BoomerangDemo.app */,
				7B7508631DD61E9F006C82A0 /* BoomerangDemoTests.xctest */,
			);
			name = Products;
			sourceTree = "<group>";
		};
		7B7508511DD61E9E006C82A0 /* BoomerangDemo */ = {
			isa = PBXGroup;
			children = (
				7B7508521DD61E9E006C82A0 /* AppDelegate.swift */,
				7B7508721DD6248E006C82A0 /* Router.swift */,
				7BB5FD901DD6855C00277174 /* ViewModelFactory.swift */,
				7B7508761DD62B45006C82A0 /* Network */,
				7BB5FD8F1DD6854100277174 /* ShowList */,
				7B7508561DD61E9E006C82A0 /* Main.storyboard */,
				7B7508591DD61E9E006C82A0 /* Assets.xcassets */,
				7B75085B1DD61E9E006C82A0 /* LaunchScreen.storyboard */,
				7B75085E1DD61E9E006C82A0 /* Info.plist */,
			);
			path = BoomerangDemo;
			sourceTree = "<group>";
		};
		7B7508661DD61E9F006C82A0 /* BoomerangDemoTests */ = {
			isa = PBXGroup;
			children = (
				7B7508671DD61E9F006C82A0 /* ShowTests.swift */,
				7BB5FD8A1DD6809100277174 /* Show.json */,
				7B7508691DD61E9F006C82A0 /* Info.plist */,
			);
			path = BoomerangDemoTests;
			sourceTree = "<group>";
		};
		7B7508761DD62B45006C82A0 /* Network */ = {
			isa = PBXGroup;
			children = (
				7B7508741DD62763006C82A0 /* TVMaze.swift */,
				7B75087C1DD62C12006C82A0 /* Show.swift */,
				7B7508771DD62BC9006C82A0 /* Moya-Gloss */,
			);
			name = Network;
			sourceTree = "<group>";
		};
		7B7508771DD62BC9006C82A0 /* Moya-Gloss */ = {
			isa = PBXGroup;
			children = (
				7B7508781DD62BF3006C82A0 /* SignalProducer+Gloss.swift */,
				7B7508791DD62BF3006C82A0 /* Response+Gloss.swift */,
			);
			name = "Moya-Gloss";
			sourceTree = "<group>";
		};
		7BB5FD8F1DD6854100277174 /* ShowList */ = {
			isa = PBXGroup;
			children = (
				7B7508541DD61E9E006C82A0 /* ShowListViewController.swift */,
				7BB5FD921DD6894000277174 /* ShowListViewModel.swift */,
				7BB5FD941DD68D5E00277174 /* ShowItemCollectionViewCell.swift */,
				7BB5FD951DD68D5E00277174 /* ShowItemCollectionViewCell.xib */,
			);
			name = ShowList;
			sourceTree = "<group>";
		};
		EFEF95513E2A5D32254C48BB /* Pods */ = {
			isa = PBXGroup;
			children = (
				07EC94E5E084A01C42D614F5 /* Pods-BoomerangDemo.debug.xcconfig */,
				02E23C62FD000BFB709D2E66 /* Pods-BoomerangDemo.release.xcconfig */,
				BC0460F2F33F3BF020F6D807 /* Pods-BoomerangDemoTests.debug.xcconfig */,
				F5469486FBF7BD86270F8C67 /* Pods-BoomerangDemoTests.release.xcconfig */,
			);
			name = Pods;
			sourceTree = "<group>";
		};
/* End PBXGroup section */

/* Begin PBXNativeTarget section */
		7B75084E1DD61E9E006C82A0 /* BoomerangDemo */ = {
			isa = PBXNativeTarget;
			buildConfigurationList = 7B75086C1DD61E9F006C82A0 /* Build configuration list for PBXNativeTarget "BoomerangDemo" */;
			buildPhases = (
				7BD01BD1D4B883E66ECA2A09 /* [CP] Check Pods Manifest.lock */,
				7B75084B1DD61E9E006C82A0 /* Sources */,
				7B75084C1DD61E9E006C82A0 /* Frameworks */,
				7B75084D1DD61E9E006C82A0 /* Resources */,
				64A17F653C6552196AC23923 /* [CP] Embed Pods Frameworks */,
				629A0A13CC8CA25473085280 /* [CP] Copy Pods Resources */,
			);
			buildRules = (
			);
			dependencies = (
			);
			name = BoomerangDemo;
			productName = BoomerangDemo;
			productReference = 7B75084F1DD61E9E006C82A0 /* BoomerangDemo.app */;
			productType = "com.apple.product-type.application";
		};
		7B7508621DD61E9E006C82A0 /* BoomerangDemoTests */ = {
			isa = PBXNativeTarget;
			buildConfigurationList = 7B75086F1DD61E9F006C82A0 /* Build configuration list for PBXNativeTarget "BoomerangDemoTests" */;
			buildPhases = (
				C62945C250A534EA302FFBB5 /* [CP] Check Pods Manifest.lock */,
				7B75085F1DD61E9E006C82A0 /* Sources */,
				7B7508601DD61E9E006C82A0 /* Frameworks */,
				7B7508611DD61E9E006C82A0 /* Resources */,
				A6B4947B08BD32C6692FE201 /* [CP] Embed Pods Frameworks */,
				C21C4B9C98DDBBD744F34FA1 /* [CP] Copy Pods Resources */,
			);
			buildRules = (
			);
			dependencies = (
				7B7508651DD61E9F006C82A0 /* PBXTargetDependency */,
			);
			name = BoomerangDemoTests;
			productName = BoomerangDemoTests;
			productReference = 7B7508631DD61E9F006C82A0 /* BoomerangDemoTests.xctest */;
			productType = "com.apple.product-type.bundle.unit-test";
		};
/* End PBXNativeTarget section */

/* Begin PBXProject section */
		7B7508471DD61E9E006C82A0 /* Project object */ = {
			isa = PBXProject;
			attributes = {
				LastSwiftUpdateCheck = 0810;
				LastUpgradeCheck = 0810;
				ORGANIZATIONNAME = "Stefano Mondino";
				TargetAttributes = {
					7B75084E1DD61E9E006C82A0 = {
						CreatedOnToolsVersion = 8.1;
						ProvisioningStyle = Automatic;
					};
					7B7508621DD61E9E006C82A0 = {
						CreatedOnToolsVersion = 8.1;
						ProvisioningStyle = Automatic;
						TestTargetID = 7B75084E1DD61E9E006C82A0;
					};
				};
			};
			buildConfigurationList = 7B75084A1DD61E9E006C82A0 /* Build configuration list for PBXProject "BoomerangDemo" */;
			compatibilityVersion = "Xcode 3.2";
			developmentRegion = English;
			hasScannedForEncodings = 0;
			knownRegions = (
				en,
				Base,
			);
			mainGroup = 7B7508461DD61E9E006C82A0;
			productRefGroup = 7B7508501DD61E9E006C82A0 /* Products */;
			projectDirPath = "";
			projectRoot = "";
			targets = (
				7B75084E1DD61E9E006C82A0 /* BoomerangDemo */,
				7B7508621DD61E9E006C82A0 /* BoomerangDemoTests */,
			);
		};
/* End PBXProject section */

/* Begin PBXResourcesBuildPhase section */
		7B75084D1DD61E9E006C82A0 /* Resources */ = {
			isa = PBXResourcesBuildPhase;
			buildActionMask = 2147483647;
			files = (
				7B75085D1DD61E9E006C82A0 /* LaunchScreen.storyboard in Resources */,
				7B75085A1DD61E9E006C82A0 /* Assets.xcassets in Resources */,
				7BB5FD8C1DD6813800277174 /* Show.json in Resources */,
				7B7508581DD61E9E006C82A0 /* Main.storyboard in Resources */,
				7BB5FD971DD68D5E00277174 /* ShowItemCollectionViewCell.xib in Resources */,
			);
			runOnlyForDeploymentPostprocessing = 0;
		};
		7B7508611DD61E9E006C82A0 /* Resources */ = {
			isa = PBXResourcesBuildPhase;
			buildActionMask = 2147483647;
			files = (
				7BB5FD8B1DD6809100277174 /* Show.json in Resources */,
			);
			runOnlyForDeploymentPostprocessing = 0;
		};
/* End PBXResourcesBuildPhase section */

/* Begin PBXShellScriptBuildPhase section */
		629A0A13CC8CA25473085280 /* [CP] Copy Pods Resources */ = {
			isa = PBXShellScriptBuildPhase;
			buildActionMask = 2147483647;
			files = (
			);
			inputPaths = (
			);
			name = "[CP] Copy Pods Resources";
			outputPaths = (
			);
			runOnlyForDeploymentPostprocessing = 0;
			shellPath = /bin/sh;
			shellScript = "\"${SRCROOT}/Pods/Target Support Files/Pods-BoomerangDemo/Pods-BoomerangDemo-resources.sh\"\n";
			showEnvVarsInLog = 0;
		};
		64A17F653C6552196AC23923 /* [CP] Embed Pods Frameworks */ = {
			isa = PBXShellScriptBuildPhase;
			buildActionMask = 2147483647;
			files = (
			);
			inputPaths = (
			);
			name = "[CP] Embed Pods Frameworks";
			outputPaths = (
			);
			runOnlyForDeploymentPostprocessing = 0;
			shellPath = /bin/sh;
			shellScript = "\"${SRCROOT}/Pods/Target Support Files/Pods-BoomerangDemo/Pods-BoomerangDemo-frameworks.sh\"\n";
			showEnvVarsInLog = 0;
		};
		7BD01BD1D4B883E66ECA2A09 /* [CP] Check Pods Manifest.lock */ = {
			isa = PBXShellScriptBuildPhase;
			buildActionMask = 2147483647;
			files = (
			);
			inputPaths = (
			);
			name = "[CP] Check Pods Manifest.lock";
			outputPaths = (
			);
			runOnlyForDeploymentPostprocessing = 0;
			shellPath = /bin/sh;
			shellScript = "diff \"${PODS_ROOT}/../Podfile.lock\" \"${PODS_ROOT}/Manifest.lock\" > /dev/null\nif [ $? != 0 ] ; then\n    # print error to STDERR\n    echo \"error: The sandbox is not in sync with the Podfile.lock. Run 'pod install' or update your CocoaPods installation.\" >&2\n    exit 1\nfi\n";
			showEnvVarsInLog = 0;
		};
		A6B4947B08BD32C6692FE201 /* [CP] Embed Pods Frameworks */ = {
			isa = PBXShellScriptBuildPhase;
			buildActionMask = 2147483647;
			files = (
			);
			inputPaths = (
			);
			name = "[CP] Embed Pods Frameworks";
			outputPaths = (
			);
			runOnlyForDeploymentPostprocessing = 0;
			shellPath = /bin/sh;
			shellScript = "\"${SRCROOT}/Pods/Target Support Files/Pods-BoomerangDemoTests/Pods-BoomerangDemoTests-frameworks.sh\"\n";
			showEnvVarsInLog = 0;
		};
		C21C4B9C98DDBBD744F34FA1 /* [CP] Copy Pods Resources */ = {
			isa = PBXShellScriptBuildPhase;
			buildActionMask = 2147483647;
			files = (
			);
			inputPaths = (
			);
			name = "[CP] Copy Pods Resources";
			outputPaths = (
			);
			runOnlyForDeploymentPostprocessing = 0;
			shellPath = /bin/sh;
			shellScript = "\"${SRCROOT}/Pods/Target Support Files/Pods-BoomerangDemoTests/Pods-BoomerangDemoTests-resources.sh\"\n";
			showEnvVarsInLog = 0;
		};
		C62945C250A534EA302FFBB5 /* [CP] Check Pods Manifest.lock */ = {
			isa = PBXShellScriptBuildPhase;
			buildActionMask = 2147483647;
			files = (
			);
			inputPaths = (
			);
			name = "[CP] Check Pods Manifest.lock";
			outputPaths = (
			);
			runOnlyForDeploymentPostprocessing = 0;
			shellPath = /bin/sh;
			shellScript = "diff \"${PODS_ROOT}/../Podfile.lock\" \"${PODS_ROOT}/Manifest.lock\" > /dev/null\nif [ $? != 0 ] ; then\n    # print error to STDERR\n    echo \"error: The sandbox is not in sync with the Podfile.lock. Run 'pod install' or update your CocoaPods installation.\" >&2\n    exit 1\nfi\n";
			showEnvVarsInLog = 0;
		};
/* End PBXShellScriptBuildPhase section */

/* Begin PBXSourcesBuildPhase section */
		7B75084B1DD61E9E006C82A0 /* Sources */ = {
			isa = PBXSourcesBuildPhase;
			buildActionMask = 2147483647;
			files = (
				7BB5FD961DD68D5E00277174 /* ShowItemCollectionViewCell.swift in Sources */,
				7B75087D1DD62C12006C82A0 /* Show.swift in Sources */,
				7B7508551DD61E9E006C82A0 /* ShowListViewController.swift in Sources */,
				7B7508751DD62763006C82A0 /* TVMaze.swift in Sources */,
				7BB5FD931DD6894100277174 /* ShowListViewModel.swift in Sources */,
				7B75087A1DD62BF3006C82A0 /* SignalProducer+Gloss.swift in Sources */,
				7B7508731DD6248E006C82A0 /* Router.swift in Sources */,
				7BB5FD911DD6855C00277174 /* ViewModelFactory.swift in Sources */,
				7B7508531DD61E9E006C82A0 /* AppDelegate.swift in Sources */,
				7B75087B1DD62BF3006C82A0 /* Response+Gloss.swift in Sources */,
			);
			runOnlyForDeploymentPostprocessing = 0;
		};
		7B75085F1DD61E9E006C82A0 /* Sources */ = {
			isa = PBXSourcesBuildPhase;
			buildActionMask = 2147483647;
			files = (
				7B7508681DD61E9F006C82A0 /* ShowTests.swift in Sources */,
			);
			runOnlyForDeploymentPostprocessing = 0;
		};
/* End PBXSourcesBuildPhase section */

/* Begin PBXTargetDependency section */
		7B7508651DD61E9F006C82A0 /* PBXTargetDependency */ = {
			isa = PBXTargetDependency;
			target = 7B75084E1DD61E9E006C82A0 /* BoomerangDemo */;
			targetProxy = 7B7508641DD61E9F006C82A0 /* PBXContainerItemProxy */;
		};
/* End PBXTargetDependency section */

/* Begin PBXVariantGroup section */
		7B7508561DD61E9E006C82A0 /* Main.storyboard */ = {
			isa = PBXVariantGroup;
			children = (
				7B7508571DD61E9E006C82A0 /* Base */,
			);
			name = Main.storyboard;
			sourceTree = "<group>";
		};
		7B75085B1DD61E9E006C82A0 /* LaunchScreen.storyboard */ = {
			isa = PBXVariantGroup;
			children = (
				7B75085C1DD61E9E006C82A0 /* Base */,
			);
			name = LaunchScreen.storyboard;
			sourceTree = "<group>";
		};
/* End PBXVariantGroup section */

/* Begin XCBuildConfiguration section */
		7B75086A1DD61E9F006C82A0 /* Debug */ = {
			isa = XCBuildConfiguration;
			buildSettings = {
				ALWAYS_SEARCH_USER_PATHS = NO;
				CLANG_ANALYZER_NONNULL = YES;
				CLANG_CXX_LANGUAGE_STANDARD = "gnu++0x";
				CLANG_CXX_LIBRARY = "libc++";
				CLANG_ENABLE_MODULES = YES;
				CLANG_ENABLE_OBJC_ARC = YES;
				CLANG_WARN_BOOL_CONVERSION = YES;
				CLANG_WARN_CONSTANT_CONVERSION = YES;
				CLANG_WARN_DIRECT_OBJC_ISA_USAGE = YES_ERROR;
				CLANG_WARN_DOCUMENTATION_COMMENTS = YES;
				CLANG_WARN_EMPTY_BODY = YES;
				CLANG_WARN_ENUM_CONVERSION = YES;
				CLANG_WARN_INFINITE_RECURSION = YES;
				CLANG_WARN_INT_CONVERSION = YES;
				CLANG_WARN_OBJC_ROOT_CLASS = YES_ERROR;
				CLANG_WARN_SUSPICIOUS_MOVES = YES;
				CLANG_WARN_UNREACHABLE_CODE = YES;
				CLANG_WARN__DUPLICATE_METHOD_MATCH = YES;
				"CODE_SIGN_IDENTITY[sdk=iphoneos*]" = "iPhone Developer";
				COPY_PHASE_STRIP = NO;
				DEBUG_INFORMATION_FORMAT = dwarf;
				ENABLE_STRICT_OBJC_MSGSEND = YES;
				ENABLE_TESTABILITY = YES;
				GCC_C_LANGUAGE_STANDARD = gnu99;
				GCC_DYNAMIC_NO_PIC = NO;
				GCC_NO_COMMON_BLOCKS = YES;
				GCC_OPTIMIZATION_LEVEL = 0;
				GCC_PREPROCESSOR_DEFINITIONS = (
					"DEBUG=1",
					"$(inherited)",
				);
				GCC_WARN_64_TO_32_BIT_CONVERSION = YES;
				GCC_WARN_ABOUT_RETURN_TYPE = YES_ERROR;
				GCC_WARN_UNDECLARED_SELECTOR = YES;
				GCC_WARN_UNINITIALIZED_AUTOS = YES_AGGRESSIVE;
				GCC_WARN_UNUSED_FUNCTION = YES;
				GCC_WARN_UNUSED_VARIABLE = YES;
				IPHONEOS_DEPLOYMENT_TARGET = 10.1;
				MTL_ENABLE_DEBUG_INFO = YES;
				ONLY_ACTIVE_ARCH = YES;
				SDKROOT = iphoneos;
				SWIFT_ACTIVE_COMPILATION_CONDITIONS = DEBUG;
				SWIFT_OPTIMIZATION_LEVEL = "-Onone";
				TARGETED_DEVICE_FAMILY = "1,2";
			};
			name = Debug;
		};
		7B75086B1DD61E9F006C82A0 /* Release */ = {
			isa = XCBuildConfiguration;
			buildSettings = {
				ALWAYS_SEARCH_USER_PATHS = NO;
				CLANG_ANALYZER_NONNULL = YES;
				CLANG_CXX_LANGUAGE_STANDARD = "gnu++0x";
				CLANG_CXX_LIBRARY = "libc++";
				CLANG_ENABLE_MODULES = YES;
				CLANG_ENABLE_OBJC_ARC = YES;
				CLANG_WARN_BOOL_CONVERSION = YES;
				CLANG_WARN_CONSTANT_CONVERSION = YES;
				CLANG_WARN_DIRECT_OBJC_ISA_USAGE = YES_ERROR;
				CLANG_WARN_DOCUMENTATION_COMMENTS = YES;
				CLANG_WARN_EMPTY_BODY = YES;
				CLANG_WARN_ENUM_CONVERSION = YES;
				CLANG_WARN_INFINITE_RECURSION = YES;
				CLANG_WARN_INT_CONVERSION = YES;
				CLANG_WARN_OBJC_ROOT_CLASS = YES_ERROR;
				CLANG_WARN_SUSPICIOUS_MOVES = YES;
				CLANG_WARN_UNREACHABLE_CODE = YES;
				CLANG_WARN__DUPLICATE_METHOD_MATCH = YES;
				"CODE_SIGN_IDENTITY[sdk=iphoneos*]" = "iPhone Developer";
				COPY_PHASE_STRIP = NO;
				DEBUG_INFORMATION_FORMAT = "dwarf-with-dsym";
				ENABLE_NS_ASSERTIONS = NO;
				ENABLE_STRICT_OBJC_MSGSEND = YES;
				GCC_C_LANGUAGE_STANDARD = gnu99;
				GCC_NO_COMMON_BLOCKS = YES;
				GCC_WARN_64_TO_32_BIT_CONVERSION = YES;
				GCC_WARN_ABOUT_RETURN_TYPE = YES_ERROR;
				GCC_WARN_UNDECLARED_SELECTOR = YES;
				GCC_WARN_UNINITIALIZED_AUTOS = YES_AGGRESSIVE;
				GCC_WARN_UNUSED_FUNCTION = YES;
				GCC_WARN_UNUSED_VARIABLE = YES;
				IPHONEOS_DEPLOYMENT_TARGET = 10.1;
				MTL_ENABLE_DEBUG_INFO = NO;
				SDKROOT = iphoneos;
				SWIFT_OPTIMIZATION_LEVEL = "-Owholemodule";
				TARGETED_DEVICE_FAMILY = "1,2";
				VALIDATE_PRODUCT = YES;
			};
			name = Release;
		};
		7B75086D1DD61E9F006C82A0 /* Debug */ = {
			isa = XCBuildConfiguration;
			baseConfigurationReference = 07EC94E5E084A01C42D614F5 /* Pods-BoomerangDemo.debug.xcconfig */;
			buildSettings = {
				ASSETCATALOG_COMPILER_APPICON_NAME = AppIcon;
				INFOPLIST_FILE = BoomerangDemo/Info.plist;
				LD_RUNPATH_SEARCH_PATHS = "$(inherited) @executable_path/Frameworks";
				PRODUCT_BUNDLE_IDENTIFIER = com.stefanomondino.BoomerangDemo;
				PRODUCT_NAME = "$(TARGET_NAME)";
				SWIFT_VERSION = 3.0;
			};
			name = Debug;
		};
		7B75086E1DD61E9F006C82A0 /* Release */ = {
			isa = XCBuildConfiguration;
			baseConfigurationReference = 02E23C62FD000BFB709D2E66 /* Pods-BoomerangDemo.release.xcconfig */;
			buildSettings = {
				ASSETCATALOG_COMPILER_APPICON_NAME = AppIcon;
				INFOPLIST_FILE = BoomerangDemo/Info.plist;
				LD_RUNPATH_SEARCH_PATHS = "$(inherited) @executable_path/Frameworks";
				PRODUCT_BUNDLE_IDENTIFIER = com.stefanomondino.BoomerangDemo;
				PRODUCT_NAME = "$(TARGET_NAME)";
				SWIFT_VERSION = 3.0;
			};
			name = Release;
		};
		7B7508701DD61E9F006C82A0 /* Debug */ = {
			isa = XCBuildConfiguration;
			baseConfigurationReference = BC0460F2F33F3BF020F6D807 /* Pods-BoomerangDemoTests.debug.xcconfig */;
			buildSettings = {
				ALWAYS_EMBED_SWIFT_STANDARD_LIBRARIES = "$(inherited)";
				BUNDLE_LOADER = "$(TEST_HOST)";
				INFOPLIST_FILE = BoomerangDemoTests/Info.plist;
				LD_RUNPATH_SEARCH_PATHS = "$(inherited) @executable_path/Frameworks @loader_path/Frameworks";
				PRODUCT_BUNDLE_IDENTIFIER = com.stefanomondino.BoomerangDemoTests;
				PRODUCT_NAME = "$(TARGET_NAME)";
				SWIFT_VERSION = 3.0;
				TEST_HOST = "$(BUILT_PRODUCTS_DIR)/BoomerangDemo.app/BoomerangDemo";
			};
			name = Debug;
		};
		7B7508711DD61E9F006C82A0 /* Release */ = {
			isa = XCBuildConfiguration;
			baseConfigurationReference = F5469486FBF7BD86270F8C67 /* Pods-BoomerangDemoTests.release.xcconfig */;
			buildSettings = {
				ALWAYS_EMBED_SWIFT_STANDARD_LIBRARIES = "$(inherited)";
				BUNDLE_LOADER = "$(TEST_HOST)";
				INFOPLIST_FILE = BoomerangDemoTests/Info.plist;
				LD_RUNPATH_SEARCH_PATHS = "$(inherited) @executable_path/Frameworks @loader_path/Frameworks";
				PRODUCT_BUNDLE_IDENTIFIER = com.stefanomondino.BoomerangDemoTests;
				PRODUCT_NAME = "$(TARGET_NAME)";
				SWIFT_VERSION = 3.0;
				TEST_HOST = "$(BUILT_PRODUCTS_DIR)/BoomerangDemo.app/BoomerangDemo";
			};
			name = Release;
		};
/* End XCBuildConfiguration section */

/* Begin XCConfigurationList section */
		7B75084A1DD61E9E006C82A0 /* Build configuration list for PBXProject "BoomerangDemo" */ = {
			isa = XCConfigurationList;
			buildConfigurations = (
				7B75086A1DD61E9F006C82A0 /* Debug */,
				7B75086B1DD61E9F006C82A0 /* Release */,
			);
			defaultConfigurationIsVisible = 0;
			defaultConfigurationName = Release;
		};
		7B75086C1DD61E9F006C82A0 /* Build configuration list for PBXNativeTarget "BoomerangDemo" */ = {
			isa = XCConfigurationList;
			buildConfigurations = (
				7B75086D1DD61E9F006C82A0 /* Debug */,
				7B75086E1DD61E9F006C82A0 /* Release */,
			);
			defaultConfigurationIsVisible = 0;
			defaultConfigurationName = Release;
		};
		7B75086F1DD61E9F006C82A0 /* Build configuration list for PBXNativeTarget "BoomerangDemoTests" */ = {
			isa = XCConfigurationList;
			buildConfigurations = (
				7B7508701DD61E9F006C82A0 /* Debug */,
				7B7508711DD61E9F006C82A0 /* Release */,
			);
			defaultConfigurationIsVisible = 0;
			defaultConfigurationName = Release;
		};
/* End XCConfigurationList section */
	};
	rootObject = 7B7508471DD61E9E006C82A0 /* Project object */;
}
